{
  "version": 4,
  "terraform_version": "1.6.3",
  "serial": 3,
  "lineage": "fd85d3a3-72dd-98d0-f1ee-b40f84fe38d7",
  "outputs": {},
  "resources": [
    {
      "module": "module.compute",
      "mode": "data",
      "type": "aws_ssm_parameter",
      "name": "webserver-ami",
      "provider": "module.compute.provider[\"registry.terraform.io/hashicorp/aws\"]",
      "instances": [
        {
          "schema_version": 0,
          "attributes": {
            "arn": "arn:aws:ssm:us-east-1::parameter/aws/service/ami-amazon-linux-latest/al2023-ami-kernel-default-x86_64",
            "id": "/aws/service/ami-amazon-linux-latest/al2023-ami-kernel-default-x86_64",
            "name": "/aws/service/ami-amazon-linux-latest/al2023-ami-kernel-default-x86_64",
            "type": "String",
            "value": "ami-0230bd60aa48260c6",
            "version": 58,
            "with_decryption": true
          },
          "sensitive_attributes": []
        }
      ]
    },
    {
      "module": "module.compute",
      "mode": "managed",
      "type": "aws_key_pair",
      "name": "aws-key",
      "provider": "module.compute.provider[\"registry.terraform.io/hashicorp/aws\"]",
      "instances": [
        {
          "schema_version": 1,
          "attributes": {
            "arn": "arn:aws:ec2:us-east-1:107540691837:key-pair/app_server",
            "fingerprint": "df:ef:12:98:4e:83:54:a5:cd:26:82:c5:94:66:d8:8e",
            "id": "app_server",
            "key_name": "app_server",
            "key_name_prefix": null,
            "key_pair_id": "key-06a4ef728dc3120a1",
            "public_key": "ssh-rsa AAAAB3NzaC1yc2EAAAADAQABAAABgQDAtXq3zxVaqMsFtkvhKC/YLntt+VJowy5rGEPt6KOGQ+JbPSZB+49SehzLg1Risx66pLiW8DUCc6/mcnhvyJ4qhW/YaQQdVU1w4B2AuqxGwBBWqRBav82a2BxRGrNZ6WoGCBu2nnsET90WEnYB/zFlTP4RIc1z7MfMFDEK1TZBdt33enwrMT8DB97v/k3+uOyh4S6JYsHSbYLgzOGLXi0nyskbQ64+8pPgwyOVSilnRiqMS/WCD/OJ3YFa8+EgPJGQRcVYidl/7ejDlLQ7ZWZyFwB7XQDrIRqcPk08MOYfbSpUK3NliByoSQaEn0sPSb/dSxMQIcR+pNtNlLkFyIrkkWAUjp4IpisKqeVVmAn3MaZFP+CFlajkXjAWn8pc36LRYAlsfAuW2OicCrh8NDFdwErDDZ9alsoo6L9aU9hi5w2nUJ+CoS9SdeP1WLVk3ZNWIshXMC+rCZoo/HP2JtxmVkLvZtb61+kkrJEVRexuMFnP9M0mSUzUCdAs2AMFEv8= soumy@DESKTOP-PML9O5I",
            "tags": null,
            "tags_all": {}
          },
          "sensitive_attributes": [],
          "private": "eyJzY2hlbWFfdmVyc2lvbiI6IjEifQ=="
        }
      ]
    },
    {
      "module": "module.vpc",
      "mode": "data",
      "type": "aws_availability_zones",
      "name": "azs",
      "provider": "module.vpc.provider[\"registry.terraform.io/hashicorp/aws\"]",
      "instances": [
        {
          "schema_version": 0,
          "attributes": {
            "all_availability_zones": null,
            "exclude_names": null,
            "exclude_zone_ids": null,
            "filter": null,
            "group_names": [
              "us-east-1"
            ],
            "id": "us-east-1",
            "names": [
              "us-east-1a",
              "us-east-1b",
              "us-east-1c",
              "us-east-1d",
              "us-east-1e",
              "us-east-1f"
            ],
            "state": "available",
            "zone_ids": [
              "use1-az4",
              "use1-az6",
              "use1-az1",
              "use1-az2",
              "use1-az3",
              "use1-az5"
            ]
          },
          "sensitive_attributes": []
        }
      ]
    }
  ],
  "check_results": null
}
